
Microsoft Visual Studio Solution File, Format Version 11.00
# Visual Studio 2010
Project("{FAE04EC0-301F-11D3-BF4B-00C04F79EFBC}") = "temp", "temp\temp.csproj", "{3D796671-1AE5-4C6F-8A61-532DCE27D0AC}"
EndProject
Project("{FAE04EC0-301F-11D3-BF4B-00C04F79EFBC}") = "MainStudio", "Main\MainStudio.csproj", "{19C2AE56-6992-4B43-A52C-6B16A8808E7A}"
	ProjectSection(ProjectDependencies) = postProject
		{D319133E-616C-4A87-96CA-F95BA85995F7} = {D319133E-616C-4A87-96CA-F95BA85995F7}
		{94026E61-BA90-4A5D-A4F0-3B510598553F} = {94026E61-BA90-4A5D-A4F0-3B510598553F}
		{1F69CF73-6960-44B6-8ACD-1739995C49F2} = {1F69CF73-6960-44B6-8ACD-1739995C49F2}
		{2A5FB5BD-EF1E-4F9C-AA87-860422217BDB} = {2A5FB5BD-EF1E-4F9C-AA87-860422217BDB}
		{53A670F8-A189-4376-AAC3-316E7A78EA7E} = {53A670F8-A189-4376-AAC3-316E7A78EA7E}
		{7AEA7AFC-F0B8-4E79-8603-C0976F03BAD9} = {7AEA7AFC-F0B8-4E79-8603-C0976F03BAD9}
	EndProjectSection
EndProject
Project("{FAE04EC0-301F-11D3-BF4B-00C04F79EFBC}") = "NSDrawObj", "NSDrawObj\NSDrawObj.csproj", "{53A670F8-A189-4376-AAC3-316E7A78EA7E}"
EndProject
Project("{FAE04EC0-301F-11D3-BF4B-00C04F79EFBC}") = "NSDrawVector", "NSDrawVector\NSDrawVector.csproj", "{94026E61-BA90-4A5D-A4F0-3B510598553F}"
EndProject
Project("{FAE04EC0-301F-11D3-BF4B-00C04F79EFBC}") = "NSHMIFramework", "NSHMIFramework\NSHMIFramework.csproj", "{1F69CF73-6960-44B6-8ACD-1739995C49F2}"
	ProjectSection(ProjectDependencies) = postProject
		{94026E61-BA90-4A5D-A4F0-3B510598553F} = {94026E61-BA90-4A5D-A4F0-3B510598553F}
		{2A5FB5BD-EF1E-4F9C-AA87-860422217BDB} = {2A5FB5BD-EF1E-4F9C-AA87-860422217BDB}
	EndProjectSection
EndProject
Project("{FAE04EC0-301F-11D3-BF4B-00C04F79EFBC}") = "NSHMIInterface", "NSHMIInterface\NSHMIInterface.csproj", "{7AEA7AFC-F0B8-4E79-8603-C0976F03BAD9}"
EndProject
Project("{FAE04EC0-301F-11D3-BF4B-00C04F79EFBC}") = "NSHMIToolForm", "NSHMIToolForm\NSHMIToolForm.csproj", "{D319133E-616C-4A87-96CA-F95BA85995F7}"
EndProject
Project("{FAE04EC0-301F-11D3-BF4B-00C04F79EFBC}") = "NSHMIForm", "NSHMIForm\NSHMIForm.csproj", "{2A5FB5BD-EF1E-4F9C-AA87-860422217BDB}"
EndProject
Project("{FAE04EC0-301F-11D3-BF4B-00C04F79EFBC}") = "WinFormsUI", "dockpanelsuite\WinFormsUI\WinFormsUI.csproj", "{C75532C4-765B-418E-B09B-46D36B2ABDB1}"
EndProject
Project("{FAE04EC0-301F-11D3-BF4B-00C04F79EFBC}") = "MainRun", "MainRun\MainRun.csproj", "{1782E70B-222D-4BBB-B7BF-9515D4D46E28}"
	ProjectSection(ProjectDependencies) = postProject
		{94026E61-BA90-4A5D-A4F0-3B510598553F} = {94026E61-BA90-4A5D-A4F0-3B510598553F}
		{1F69CF73-6960-44B6-8ACD-1739995C49F2} = {1F69CF73-6960-44B6-8ACD-1739995C49F2}
		{2A5FB5BD-EF1E-4F9C-AA87-860422217BDB} = {2A5FB5BD-EF1E-4F9C-AA87-860422217BDB}
		{53A670F8-A189-4376-AAC3-316E7A78EA7E} = {53A670F8-A189-4376-AAC3-316E7A78EA7E}
		{7AEA7AFC-F0B8-4E79-8603-C0976F03BAD9} = {7AEA7AFC-F0B8-4E79-8603-C0976F03BAD9}
	EndProjectSection
EndProject
Project("{2150E333-8FDC-42A3-9474-1A3956D46DE8}") = "Test", "Test", "{E1F51C11-C559-447A-87B9-02E511E77B76}"
EndProject
Project("{2150E333-8FDC-42A3-9474-1A3956D46DE8}") = "common", "common", "{D1EF2142-EAE6-4E66-8701-280F177C9E32}"
EndProject
Project("{FAE04EC0-301F-11D3-BF4B-00C04F79EFBC}") = "UndoMethods", "UndoMethods\UndoMethods.csproj", "{96F27934-2CE8-41E6-8BE5-F706E225BA0F}"
EndProject
Project("{FAE04EC0-301F-11D3-BF4B-00C04F79EFBC}") = "Toolbox", "Toolbox\Toolbox.csproj", "{3581F0CD-5B33-40F8-A664-F48D544FE0EF}"
EndProject
Project("{FAE04EC0-301F-11D3-BF4B-00C04F79EFBC}") = "NSDrawNodes", "NSDrawNodes\NSDrawNodes\NSDrawNodes.csproj", "{2ADB3A7D-3197-4836-A836-282AE500014A}"
EndProject
Project("{FAE04EC0-301F-11D3-BF4B-00C04F79EFBC}") = "XPTable", "XPTable\XPTable.csproj", "{1ADD2ECB-2B24-4162-8965-3EFAA9BB041E}"
EndProject
Project("{8BC9CEB8-8B4A-11D0-8D11-00A0C91BC942}") = "NSCGALFunctions", "NSCGALFunctions\NSCGALFunctions.vcxproj", "{51B90224-8691-4BEA-AA7D-0E0F54E23A78}"
EndProject
Global
	GlobalSection(TestCaseManagementSettings) = postSolution
		CategoryFile = GdiFramework.vsmdi
	EndGlobalSection
	GlobalSection(SolutionConfigurationPlatforms) = preSolution
		Debug|Any CPU = Debug|Any CPU
		Debug|Mixed Platforms = Debug|Mixed Platforms
		Debug|Win32 = Debug|Win32
		Debug|x64 = Debug|x64
		Debug|x86 = Debug|x86
		Release|Any CPU = Release|Any CPU
		Release|Mixed Platforms = Release|Mixed Platforms
		Release|Win32 = Release|Win32
		Release|x64 = Release|x64
		Release|x86 = Release|x86
	EndGlobalSection
	GlobalSection(ProjectConfigurationPlatforms) = postSolution
		{3D796671-1AE5-4C6F-8A61-532DCE27D0AC}.Debug|Any CPU.ActiveCfg = Debug|x86
		{3D796671-1AE5-4C6F-8A61-532DCE27D0AC}.Debug|Mixed Platforms.ActiveCfg = Debug|x86
		{3D796671-1AE5-4C6F-8A61-532DCE27D0AC}.Debug|Mixed Platforms.Build.0 = Debug|x86
		{3D796671-1AE5-4C6F-8A61-532DCE27D0AC}.Debug|Win32.ActiveCfg = Debug|x86
		{3D796671-1AE5-4C6F-8A61-532DCE27D0AC}.Debug|x64.ActiveCfg = Debug|x86
		{3D796671-1AE5-4C6F-8A61-532DCE27D0AC}.Debug|x86.ActiveCfg = Debug|x86
		{3D796671-1AE5-4C6F-8A61-532DCE27D0AC}.Debug|x86.Build.0 = Debug|x86
		{3D796671-1AE5-4C6F-8A61-532DCE27D0AC}.Release|Any CPU.ActiveCfg = Release|x86
		{3D796671-1AE5-4C6F-8A61-532DCE27D0AC}.Release|Mixed Platforms.ActiveCfg = Release|x86
		{3D796671-1AE5-4C6F-8A61-532DCE27D0AC}.Release|Win32.ActiveCfg = Release|x86
		{3D796671-1AE5-4C6F-8A61-532DCE27D0AC}.Release|x64.ActiveCfg = Release|x86
		{3D796671-1AE5-4C6F-8A61-532DCE27D0AC}.Release|x86.ActiveCfg = Release|x86
		{3D796671-1AE5-4C6F-8A61-532DCE27D0AC}.Release|x86.Build.0 = Release|x86
		{19C2AE56-6992-4B43-A52C-6B16A8808E7A}.Debug|Any CPU.ActiveCfg = Debug|x86
		{19C2AE56-6992-4B43-A52C-6B16A8808E7A}.Debug|Mixed Platforms.ActiveCfg = Debug|x86
		{19C2AE56-6992-4B43-A52C-6B16A8808E7A}.Debug|Mixed Platforms.Build.0 = Debug|x86
		{19C2AE56-6992-4B43-A52C-6B16A8808E7A}.Debug|Win32.ActiveCfg = Debug|x86
		{19C2AE56-6992-4B43-A52C-6B16A8808E7A}.Debug|x64.ActiveCfg = Debug|x86
		{19C2AE56-6992-4B43-A52C-6B16A8808E7A}.Debug|x86.ActiveCfg = Debug|x86
		{19C2AE56-6992-4B43-A52C-6B16A8808E7A}.Debug|x86.Build.0 = Debug|x86
		{19C2AE56-6992-4B43-A52C-6B16A8808E7A}.Release|Any CPU.ActiveCfg = Release|x86
		{19C2AE56-6992-4B43-A52C-6B16A8808E7A}.Release|Mixed Platforms.ActiveCfg = Release|x86
		{19C2AE56-6992-4B43-A52C-6B16A8808E7A}.Release|Win32.ActiveCfg = Release|x86
		{19C2AE56-6992-4B43-A52C-6B16A8808E7A}.Release|x64.ActiveCfg = Release|x86
		{19C2AE56-6992-4B43-A52C-6B16A8808E7A}.Release|x86.ActiveCfg = Release|x86
		{19C2AE56-6992-4B43-A52C-6B16A8808E7A}.Release|x86.Build.0 = Release|x86
		{53A670F8-A189-4376-AAC3-316E7A78EA7E}.Debug|Any CPU.ActiveCfg = Debug|Any CPU
		{53A670F8-A189-4376-AAC3-316E7A78EA7E}.Debug|Any CPU.Build.0 = Debug|Any CPU
		{53A670F8-A189-4376-AAC3-316E7A78EA7E}.Debug|Mixed Platforms.ActiveCfg = Debug|Any CPU
		{53A670F8-A189-4376-AAC3-316E7A78EA7E}.Debug|Mixed Platforms.Build.0 = Debug|Any CPU
		{53A670F8-A189-4376-AAC3-316E7A78EA7E}.Debug|Win32.ActiveCfg = Debug|Any CPU
		{53A670F8-A189-4376-AAC3-316E7A78EA7E}.Debug|x64.ActiveCfg = Debug|Any CPU
		{53A670F8-A189-4376-AAC3-316E7A78EA7E}.Debug|x86.ActiveCfg = Debug|Any CPU
		{53A670F8-A189-4376-AAC3-316E7A78EA7E}.Release|Any CPU.ActiveCfg = Release|Any CPU
		{53A670F8-A189-4376-AAC3-316E7A78EA7E}.Release|Any CPU.Build.0 = Release|Any CPU
		{53A670F8-A189-4376-AAC3-316E7A78EA7E}.Release|Mixed Platforms.ActiveCfg = Release|Any CPU
		{53A670F8-A189-4376-AAC3-316E7A78EA7E}.Release|Mixed Platforms.Build.0 = Release|Any CPU
		{53A670F8-A189-4376-AAC3-316E7A78EA7E}.Release|Win32.ActiveCfg = Release|Any CPU
		{53A670F8-A189-4376-AAC3-316E7A78EA7E}.Release|x64.ActiveCfg = Release|Any CPU
		{53A670F8-A189-4376-AAC3-316E7A78EA7E}.Release|x86.ActiveCfg = Release|Any CPU
		{94026E61-BA90-4A5D-A4F0-3B510598553F}.Debug|Any CPU.ActiveCfg = Debug|Any CPU
		{94026E61-BA90-4A5D-A4F0-3B510598553F}.Debug|Any CPU.Build.0 = Debug|Any CPU
		{94026E61-BA90-4A5D-A4F0-3B510598553F}.Debug|Mixed Platforms.ActiveCfg = Debug|Any CPU
		{94026E61-BA90-4A5D-A4F0-3B510598553F}.Debug|Mixed Platforms.Build.0 = Debug|Any CPU
		{94026E61-BA90-4A5D-A4F0-3B510598553F}.Debug|Win32.ActiveCfg = Debug|Any CPU
		{94026E61-BA90-4A5D-A4F0-3B510598553F}.Debug|x64.ActiveCfg = Debug|Any CPU
		{94026E61-BA90-4A5D-A4F0-3B510598553F}.Debug|x86.ActiveCfg = Debug|Any CPU
		{94026E61-BA90-4A5D-A4F0-3B510598553F}.Release|Any CPU.ActiveCfg = Release|Any CPU
		{94026E61-BA90-4A5D-A4F0-3B510598553F}.Release|Any CPU.Build.0 = Release|Any CPU
		{94026E61-BA90-4A5D-A4F0-3B510598553F}.Release|Mixed Platforms.ActiveCfg = Release|Any CPU
		{94026E61-BA90-4A5D-A4F0-3B510598553F}.Release|Mixed Platforms.Build.0 = Release|Any CPU
		{94026E61-BA90-4A5D-A4F0-3B510598553F}.Release|Win32.ActiveCfg = Release|Any CPU
		{94026E61-BA90-4A5D-A4F0-3B510598553F}.Release|x64.ActiveCfg = Release|Any CPU
		{94026E61-BA90-4A5D-A4F0-3B510598553F}.Release|x86.ActiveCfg = Release|Any CPU
		{1F69CF73-6960-44B6-8ACD-1739995C49F2}.Debug|Any CPU.ActiveCfg = Debug|Any CPU
		{1F69CF73-6960-44B6-8ACD-1739995C49F2}.Debug|Any CPU.Build.0 = Debug|Any CPU
		{1F69CF73-6960-44B6-8ACD-1739995C49F2}.Debug|Mixed Platforms.ActiveCfg = Debug|Any CPU
		{1F69CF73-6960-44B6-8ACD-1739995C49F2}.Debug|Mixed Platforms.Build.0 = Debug|Any CPU
		{1F69CF73-6960-44B6-8ACD-1739995C49F2}.Debug|Win32.ActiveCfg = Debug|Any CPU
		{1F69CF73-6960-44B6-8ACD-1739995C49F2}.Debug|x64.ActiveCfg = Debug|Any CPU
		{1F69CF73-6960-44B6-8ACD-1739995C49F2}.Debug|x86.ActiveCfg = Debug|Any CPU
		{1F69CF73-6960-44B6-8ACD-1739995C49F2}.Release|Any CPU.ActiveCfg = Release|Any CPU
		{1F69CF73-6960-44B6-8ACD-1739995C49F2}.Release|Any CPU.Build.0 = Release|Any CPU
		{1F69CF73-6960-44B6-8ACD-1739995C49F2}.Release|Mixed Platforms.ActiveCfg = Release|Any CPU
		{1F69CF73-6960-44B6-8ACD-1739995C49F2}.Release|Mixed Platforms.Build.0 = Release|Any CPU
		{1F69CF73-6960-44B6-8ACD-1739995C49F2}.Release|Win32.ActiveCfg = Release|Any CPU
		{1F69CF73-6960-44B6-8ACD-1739995C49F2}.Release|x64.ActiveCfg = Release|Any CPU
		{1F69CF73-6960-44B6-8ACD-1739995C49F2}.Release|x86.ActiveCfg = Release|Any CPU
		{7AEA7AFC-F0B8-4E79-8603-C0976F03BAD9}.Debug|Any CPU.ActiveCfg = Debug|Any CPU
		{7AEA7AFC-F0B8-4E79-8603-C0976F03BAD9}.Debug|Any CPU.Build.0 = Debug|Any CPU
		{7AEA7AFC-F0B8-4E79-8603-C0976F03BAD9}.Debug|Mixed Platforms.ActiveCfg = Debug|Any CPU
		{7AEA7AFC-F0B8-4E79-8603-C0976F03BAD9}.Debug|Mixed Platforms.Build.0 = Debug|Any CPU
		{7AEA7AFC-F0B8-4E79-8603-C0976F03BAD9}.Debug|Win32.ActiveCfg = Debug|Any CPU
		{7AEA7AFC-F0B8-4E79-8603-C0976F03BAD9}.Debug|x64.ActiveCfg = Debug|Any CPU
		{7AEA7AFC-F0B8-4E79-8603-C0976F03BAD9}.Debug|x86.ActiveCfg = Debug|Any CPU
		{7AEA7AFC-F0B8-4E79-8603-C0976F03BAD9}.Release|Any CPU.ActiveCfg = Release|Any CPU
		{7AEA7AFC-F0B8-4E79-8603-C0976F03BAD9}.Release|Any CPU.Build.0 = Release|Any CPU
		{7AEA7AFC-F0B8-4E79-8603-C0976F03BAD9}.Release|Mixed Platforms.ActiveCfg = Release|Any CPU
		{7AEA7AFC-F0B8-4E79-8603-C0976F03BAD9}.Release|Mixed Platforms.Build.0 = Release|Any CPU
		{7AEA7AFC-F0B8-4E79-8603-C0976F03BAD9}.Release|Win32.ActiveCfg = Release|Any CPU
		{7AEA7AFC-F0B8-4E79-8603-C0976F03BAD9}.Release|x64.ActiveCfg = Release|Any CPU
		{7AEA7AFC-F0B8-4E79-8603-C0976F03BAD9}.Release|x86.ActiveCfg = Release|Any CPU
		{D319133E-616C-4A87-96CA-F95BA85995F7}.Debug|Any CPU.ActiveCfg = Debug|Any CPU
		{D319133E-616C-4A87-96CA-F95BA85995F7}.Debug|Any CPU.Build.0 = Debug|Any CPU
		{D319133E-616C-4A87-96CA-F95BA85995F7}.Debug|Mixed Platforms.ActiveCfg = Debug|Any CPU
		{D319133E-616C-4A87-96CA-F95BA85995F7}.Debug|Mixed Platforms.Build.0 = Debug|Any CPU
		{D319133E-616C-4A87-96CA-F95BA85995F7}.Debug|Win32.ActiveCfg = Debug|Any CPU
		{D319133E-616C-4A87-96CA-F95BA85995F7}.Debug|x64.ActiveCfg = Debug|Any CPU
		{D319133E-616C-4A87-96CA-F95BA85995F7}.Debug|x86.ActiveCfg = Debug|Any CPU
		{D319133E-616C-4A87-96CA-F95BA85995F7}.Release|Any CPU.ActiveCfg = Release|Any CPU
		{D319133E-616C-4A87-96CA-F95BA85995F7}.Release|Any CPU.Build.0 = Release|Any CPU
		{D319133E-616C-4A87-96CA-F95BA85995F7}.Release|Mixed Platforms.ActiveCfg = Release|Any CPU
		{D319133E-616C-4A87-96CA-F95BA85995F7}.Release|Mixed Platforms.Build.0 = Release|Any CPU
		{D319133E-616C-4A87-96CA-F95BA85995F7}.Release|Win32.ActiveCfg = Release|Any CPU
		{D319133E-616C-4A87-96CA-F95BA85995F7}.Release|x64.ActiveCfg = Release|Any CPU
		{D319133E-616C-4A87-96CA-F95BA85995F7}.Release|x86.ActiveCfg = Release|Any CPU
		{2A5FB5BD-EF1E-4F9C-AA87-860422217BDB}.Debug|Any CPU.ActiveCfg = Debug|Any CPU
		{2A5FB5BD-EF1E-4F9C-AA87-860422217BDB}.Debug|Any CPU.Build.0 = Debug|Any CPU
		{2A5FB5BD-EF1E-4F9C-AA87-860422217BDB}.Debug|Mixed Platforms.ActiveCfg = Debug|Any CPU
		{2A5FB5BD-EF1E-4F9C-AA87-860422217BDB}.Debug|Mixed Platforms.Build.0 = Debug|Any CPU
		{2A5FB5BD-EF1E-4F9C-AA87-860422217BDB}.Debug|Win32.ActiveCfg = Debug|Any CPU
		{2A5FB5BD-EF1E-4F9C-AA87-860422217BDB}.Debug|x64.ActiveCfg = Debug|Any CPU
		{2A5FB5BD-EF1E-4F9C-AA87-860422217BDB}.Debug|x86.ActiveCfg = Debug|Any CPU
		{2A5FB5BD-EF1E-4F9C-AA87-860422217BDB}.Release|Any CPU.ActiveCfg = Release|Any CPU
		{2A5FB5BD-EF1E-4F9C-AA87-860422217BDB}.Release|Any CPU.Build.0 = Release|Any CPU
		{2A5FB5BD-EF1E-4F9C-AA87-860422217BDB}.Release|Mixed Platforms.ActiveCfg = Release|Any CPU
		{2A5FB5BD-EF1E-4F9C-AA87-860422217BDB}.Release|Mixed Platforms.Build.0 = Release|Any CPU
		{2A5FB5BD-EF1E-4F9C-AA87-860422217BDB}.Release|Win32.ActiveCfg = Release|Any CPU
		{2A5FB5BD-EF1E-4F9C-AA87-860422217BDB}.Release|x64.ActiveCfg = Release|Any CPU
		{2A5FB5BD-EF1E-4F9C-AA87-860422217BDB}.Release|x86.ActiveCfg = Release|Any CPU
		{C75532C4-765B-418E-B09B-46D36B2ABDB1}.Debug|Any CPU.ActiveCfg = Debug|Any CPU
		{C75532C4-765B-418E-B09B-46D36B2ABDB1}.Debug|Any CPU.Build.0 = Debug|Any CPU
		{C75532C4-765B-418E-B09B-46D36B2ABDB1}.Debug|Mixed Platforms.ActiveCfg = Debug|Any CPU
		{C75532C4-765B-418E-B09B-46D36B2ABDB1}.Debug|Win32.ActiveCfg = Debug|Any CPU
		{C75532C4-765B-418E-B09B-46D36B2ABDB1}.Debug|x64.ActiveCfg = Debug|Any CPU
		{C75532C4-765B-418E-B09B-46D36B2ABDB1}.Debug|x86.ActiveCfg = Debug|Any CPU
		{C75532C4-765B-418E-B09B-46D36B2ABDB1}.Release|Any CPU.ActiveCfg = Release|Any CPU
		{C75532C4-765B-418E-B09B-46D36B2ABDB1}.Release|Any CPU.Build.0 = Release|Any CPU
		{C75532C4-765B-418E-B09B-46D36B2ABDB1}.Release|Mixed Platforms.ActiveCfg = Release|Any CPU
		{C75532C4-765B-418E-B09B-46D36B2ABDB1}.Release|Mixed Platforms.Build.0 = Release|Any CPU
		{C75532C4-765B-418E-B09B-46D36B2ABDB1}.Release|Win32.ActiveCfg = Release|Any CPU
		{C75532C4-765B-418E-B09B-46D36B2ABDB1}.Release|x64.ActiveCfg = Release|Any CPU
		{C75532C4-765B-418E-B09B-46D36B2ABDB1}.Release|x86.ActiveCfg = Release|Any CPU
		{1782E70B-222D-4BBB-B7BF-9515D4D46E28}.Debug|Any CPU.ActiveCfg = Debug|x86
		{1782E70B-222D-4BBB-B7BF-9515D4D46E28}.Debug|Mixed Platforms.ActiveCfg = Debug|x86
		{1782E70B-222D-4BBB-B7BF-9515D4D46E28}.Debug|Mixed Platforms.Build.0 = Debug|x86
		{1782E70B-222D-4BBB-B7BF-9515D4D46E28}.Debug|Win32.ActiveCfg = Debug|x86
		{1782E70B-222D-4BBB-B7BF-9515D4D46E28}.Debug|x64.ActiveCfg = Debug|x86
		{1782E70B-222D-4BBB-B7BF-9515D4D46E28}.Debug|x86.ActiveCfg = Debug|x86
		{1782E70B-222D-4BBB-B7BF-9515D4D46E28}.Debug|x86.Build.0 = Debug|x86
		{1782E70B-222D-4BBB-B7BF-9515D4D46E28}.Release|Any CPU.ActiveCfg = Release|x86
		{1782E70B-222D-4BBB-B7BF-9515D4D46E28}.Release|Mixed Platforms.ActiveCfg = Release|x86
		{1782E70B-222D-4BBB-B7BF-9515D4D46E28}.Release|Mixed Platforms.Build.0 = Release|x86
		{1782E70B-222D-4BBB-B7BF-9515D4D46E28}.Release|Win32.ActiveCfg = Release|x86
		{1782E70B-222D-4BBB-B7BF-9515D4D46E28}.Release|x64.ActiveCfg = Release|x86
		{1782E70B-222D-4BBB-B7BF-9515D4D46E28}.Release|x86.ActiveCfg = Release|x86
		{1782E70B-222D-4BBB-B7BF-9515D4D46E28}.Release|x86.Build.0 = Release|x86
		{96F27934-2CE8-41E6-8BE5-F706E225BA0F}.Debug|Any CPU.ActiveCfg = Debug|Any CPU
		{96F27934-2CE8-41E6-8BE5-F706E225BA0F}.Debug|Any CPU.Build.0 = Debug|Any CPU
		{96F27934-2CE8-41E6-8BE5-F706E225BA0F}.Debug|Mixed Platforms.ActiveCfg = Debug|Any CPU
		{96F27934-2CE8-41E6-8BE5-F706E225BA0F}.Debug|Win32.ActiveCfg = Debug|Any CPU
		{96F27934-2CE8-41E6-8BE5-F706E225BA0F}.Debug|x64.ActiveCfg = Debug|Any CPU
		{96F27934-2CE8-41E6-8BE5-F706E225BA0F}.Debug|x86.ActiveCfg = Debug|Any CPU
		{96F27934-2CE8-41E6-8BE5-F706E225BA0F}.Release|Any CPU.ActiveCfg = Release|Any CPU
		{96F27934-2CE8-41E6-8BE5-F706E225BA0F}.Release|Any CPU.Build.0 = Release|Any CPU
		{96F27934-2CE8-41E6-8BE5-F706E225BA0F}.Release|Mixed Platforms.ActiveCfg = Release|Any CPU
		{96F27934-2CE8-41E6-8BE5-F706E225BA0F}.Release|Mixed Platforms.Build.0 = Release|Any CPU
		{96F27934-2CE8-41E6-8BE5-F706E225BA0F}.Release|Win32.ActiveCfg = Release|Any CPU
		{96F27934-2CE8-41E6-8BE5-F706E225BA0F}.Release|x64.ActiveCfg = Release|Any CPU
		{96F27934-2CE8-41E6-8BE5-F706E225BA0F}.Release|x86.ActiveCfg = Release|Any CPU
		{3581F0CD-5B33-40F8-A664-F48D544FE0EF}.Debug|Any CPU.ActiveCfg = Debug|Any CPU
		{3581F0CD-5B33-40F8-A664-F48D544FE0EF}.Debug|Any CPU.Build.0 = Debug|Any CPU
		{3581F0CD-5B33-40F8-A664-F48D544FE0EF}.Debug|Mixed Platforms.ActiveCfg = Debug|Any CPU
		{3581F0CD-5B33-40F8-A664-F48D544FE0EF}.Debug|Win32.ActiveCfg = Debug|Any CPU
		{3581F0CD-5B33-40F8-A664-F48D544FE0EF}.Debug|x64.ActiveCfg = Debug|Any CPU
		{3581F0CD-5B33-40F8-A664-F48D544FE0EF}.Debug|x86.ActiveCfg = Debug|Any CPU
		{3581F0CD-5B33-40F8-A664-F48D544FE0EF}.Release|Any CPU.ActiveCfg = Release|Any CPU
		{3581F0CD-5B33-40F8-A664-F48D544FE0EF}.Release|Any CPU.Build.0 = Release|Any CPU
		{3581F0CD-5B33-40F8-A664-F48D544FE0EF}.Release|Mixed Platforms.ActiveCfg = Release|Any CPU
		{3581F0CD-5B33-40F8-A664-F48D544FE0EF}.Release|Mixed Platforms.Build.0 = Release|Any CPU
		{3581F0CD-5B33-40F8-A664-F48D544FE0EF}.Release|Win32.ActiveCfg = Release|Any CPU
		{3581F0CD-5B33-40F8-A664-F48D544FE0EF}.Release|x64.ActiveCfg = Release|Any CPU
		{3581F0CD-5B33-40F8-A664-F48D544FE0EF}.Release|x86.ActiveCfg = Release|Any CPU
		{2ADB3A7D-3197-4836-A836-282AE500014A}.Debug|Any CPU.ActiveCfg = Debug|Any CPU
		{2ADB3A7D-3197-4836-A836-282AE500014A}.Debug|Any CPU.Build.0 = Debug|Any CPU
		{2ADB3A7D-3197-4836-A836-282AE500014A}.Debug|Mixed Platforms.ActiveCfg = Debug|Any CPU
		{2ADB3A7D-3197-4836-A836-282AE500014A}.Debug|Win32.ActiveCfg = Debug|Any CPU
		{2ADB3A7D-3197-4836-A836-282AE500014A}.Debug|x64.ActiveCfg = Debug|Any CPU
		{2ADB3A7D-3197-4836-A836-282AE500014A}.Debug|x86.ActiveCfg = Debug|Any CPU
		{2ADB3A7D-3197-4836-A836-282AE500014A}.Release|Any CPU.ActiveCfg = Release|Any CPU
		{2ADB3A7D-3197-4836-A836-282AE500014A}.Release|Any CPU.Build.0 = Release|Any CPU
		{2ADB3A7D-3197-4836-A836-282AE500014A}.Release|Mixed Platforms.ActiveCfg = Release|Any CPU
		{2ADB3A7D-3197-4836-A836-282AE500014A}.Release|Mixed Platforms.Build.0 = Release|Any CPU
		{2ADB3A7D-3197-4836-A836-282AE500014A}.Release|Win32.ActiveCfg = Release|Any CPU
		{2ADB3A7D-3197-4836-A836-282AE500014A}.Release|x64.ActiveCfg = Release|Any CPU
		{2ADB3A7D-3197-4836-A836-282AE500014A}.Release|x86.ActiveCfg = Release|Any CPU
		{1ADD2ECB-2B24-4162-8965-3EFAA9BB041E}.Debug|Any CPU.ActiveCfg = Debug|Any CPU
		{1ADD2ECB-2B24-4162-8965-3EFAA9BB041E}.Debug|Any CPU.Build.0 = Debug|Any CPU
		{1ADD2ECB-2B24-4162-8965-3EFAA9BB041E}.Debug|Mixed Platforms.ActiveCfg = Debug|Any CPU
		{1ADD2ECB-2B24-4162-8965-3EFAA9BB041E}.Debug|Win32.ActiveCfg = Debug|Any CPU
		{1ADD2ECB-2B24-4162-8965-3EFAA9BB041E}.Debug|x64.ActiveCfg = Debug|Any CPU
		{1ADD2ECB-2B24-4162-8965-3EFAA9BB041E}.Debug|x86.ActiveCfg = Debug|Any CPU
		{1ADD2ECB-2B24-4162-8965-3EFAA9BB041E}.Release|Any CPU.ActiveCfg = Release|Any CPU
		{1ADD2ECB-2B24-4162-8965-3EFAA9BB041E}.Release|Any CPU.Build.0 = Release|Any CPU
		{1ADD2ECB-2B24-4162-8965-3EFAA9BB041E}.Release|Mixed Platforms.ActiveCfg = Release|Any CPU
		{1ADD2ECB-2B24-4162-8965-3EFAA9BB041E}.Release|Mixed Platforms.Build.0 = Release|Any CPU
		{1ADD2ECB-2B24-4162-8965-3EFAA9BB041E}.Release|Win32.ActiveCfg = Release|Any CPU
		{1ADD2ECB-2B24-4162-8965-3EFAA9BB041E}.Release|x64.ActiveCfg = Release|Any CPU
		{1ADD2ECB-2B24-4162-8965-3EFAA9BB041E}.Release|x86.ActiveCfg = Release|Any CPU
		{51B90224-8691-4BEA-AA7D-0E0F54E23A78}.Debug|Any CPU.ActiveCfg = Debug|Win32
		{51B90224-8691-4BEA-AA7D-0E0F54E23A78}.Debug|Mixed Platforms.ActiveCfg = Debug|Win32
		{51B90224-8691-4BEA-AA7D-0E0F54E23A78}.Debug|Win32.ActiveCfg = Debug|Win32
		{51B90224-8691-4BEA-AA7D-0E0F54E23A78}.Debug|Win32.Build.0 = Debug|Win32
		{51B90224-8691-4BEA-AA7D-0E0F54E23A78}.Debug|x64.ActiveCfg = Debug|Win32
		{51B90224-8691-4BEA-AA7D-0E0F54E23A78}.Debug|x86.ActiveCfg = Debug|Win32
		{51B90224-8691-4BEA-AA7D-0E0F54E23A78}.Release|Any CPU.ActiveCfg = Release|Win32
		{51B90224-8691-4BEA-AA7D-0E0F54E23A78}.Release|Mixed Platforms.ActiveCfg = Release|Win32
		{51B90224-8691-4BEA-AA7D-0E0F54E23A78}.Release|Mixed Platforms.Build.0 = Release|Win32
		{51B90224-8691-4BEA-AA7D-0E0F54E23A78}.Release|Win32.ActiveCfg = Release|Win32
		{51B90224-8691-4BEA-AA7D-0E0F54E23A78}.Release|Win32.Build.0 = Release|Win32
		{51B90224-8691-4BEA-AA7D-0E0F54E23A78}.Release|x64.ActiveCfg = Release|Win32
		{51B90224-8691-4BEA-AA7D-0E0F54E23A78}.Release|x86.ActiveCfg = Release|Win32
	EndGlobalSection
	GlobalSection(SolutionProperties) = preSolution
		HideSolutionNode = FALSE
	EndGlobalSection
	GlobalSection(NestedProjects) = preSolution
		{19C2AE56-6992-4B43-A52C-6B16A8808E7A} = {E1F51C11-C559-447A-87B9-02E511E77B76}
		{C75532C4-765B-418E-B09B-46D36B2ABDB1} = {E1F51C11-C559-447A-87B9-02E511E77B76}
		{1782E70B-222D-4BBB-B7BF-9515D4D46E28} = {E1F51C11-C559-447A-87B9-02E511E77B76}
		{3D796671-1AE5-4C6F-8A61-532DCE27D0AC} = {E1F51C11-C559-447A-87B9-02E511E77B76}
		{2ADB3A7D-3197-4836-A836-282AE500014A} = {E1F51C11-C559-447A-87B9-02E511E77B76}
		{96F27934-2CE8-41E6-8BE5-F706E225BA0F} = {D1EF2142-EAE6-4E66-8701-280F177C9E32}
		{3581F0CD-5B33-40F8-A664-F48D544FE0EF} = {D1EF2142-EAE6-4E66-8701-280F177C9E32}
		{1ADD2ECB-2B24-4162-8965-3EFAA9BB041E} = {D1EF2142-EAE6-4E66-8701-280F177C9E32}
	EndGlobalSection
	GlobalSection(ExtensibilityGlobals) = postSolution
		VisualSVNWorkingCopyRoot = .
	EndGlobalSection
EndGlobal
